// !$*UTF8*$!
{
	archiveVersion = 1;
	classes = {
	};
	objectVersion = 46;
	objects = {

/* Begin PBXBuildFile section */
		6630450A1AD503E50036175E /* AppDelegate.swift in Sources */ = {isa = PBXBuildFile; fileRef = 663045091AD503E50036175E /* AppDelegate.swift */; };
		6630450C1AD503E50036175E /* ViewController.swift in Sources */ = {isa = PBXBuildFile; fileRef = 6630450B1AD503E50036175E /* ViewController.swift */; };
		6630450F1AD503E50036175E /* Main.storyboard in Resources */ = {isa = PBXBuildFile; fileRef = 6630450D1AD503E50036175E /* Main.storyboard */; };
		663045111AD503E50036175E /* Images.xcassets in Resources */ = {isa = PBXBuildFile; fileRef = 663045101AD503E50036175E /* Images.xcassets */; };
		663045141AD503E50036175E /* LaunchScreen.xib in Resources */ = {isa = PBXBuildFile; fileRef = 663045121AD503E50036175E /* LaunchScreen.xib */; };
		663045201AD503E50036175E /* SkyPhotoRobotTests.swift in Sources */ = {isa = PBXBuildFile; fileRef = 6630451F1AD503E50036175E /* SkyPhotoRobotTests.swift */; };
		66D398F81AD50DFC00682A46 /* BLE.m in Sources */ = {isa = PBXBuildFile; fileRef = 66D398F61AD50DFC00682A46 /* BLE.m */; };
/* End PBXBuildFile section */

/* Begin PBXContainerItemProxy section */
		6630451A1AD503E50036175E /* PBXContainerItemProxy */ = {
			isa = PBXContainerItemProxy;
			containerPortal = 663044FC1AD503E50036175E /* Project object */;
			proxyType = 1;
			remoteGlobalIDString = 663045031AD503E50036175E;
			remoteInfo = SkyPhotoRobot;
		};
/* End PBXContainerItemProxy section */

/* Begin PBXFileReference section */
		663045041AD503E50036175E /* SkyPhotoRobot.app */ = {isa = PBXFileReference; explicitFileType = wrapper.application; includeInIndex = 0; path = SkyPhotoRobot.app; sourceTree = BUILT_PRODUCTS_DIR; };
		663045081AD503E50036175E /* Info.plist */ = {isa = PBXFileReference; lastKnownFileType = text.plist.xml; path = Info.plist; sourceTree = "<group>"; };
		663045091AD503E50036175E /* AppDelegate.swift */ = {isa = PBXFileReference; lastKnownFileType = sourcecode.swift; path = AppDelegate.swift; sourceTree = "<group>"; };
		6630450B1AD503E50036175E /* ViewController.swift */ = {isa = PBXFileReference; lastKnownFileType = sourcecode.swift; path = ViewController.swift; sourceTree = "<group>"; };
		6630450E1AD503E50036175E /* Base */ = {isa = PBXFileReference; lastKnownFileType = file.storyboard; name = Base; path = Base.lproj/Main.storyboard; sourceTree = "<group>"; };
		663045101AD503E50036175E /* Images.xcassets */ = {isa = PBXFileReference; lastKnownFileType = folder.assetcatalog; path = Images.xcassets; sourceTree = "<group>"; };
		663045131AD503E50036175E /* Base */ = {isa = PBXFileReference; lastKnownFileType = file.xib; name = Base; path = Base.lproj/LaunchScreen.xib; sourceTree = "<group>"; };
		663045191AD503E50036175E /* SkyPhotoRobotTests.xctest */ = {isa = PBXFileReference; explicitFileType = wrapper.cfbundle; includeInIndex = 0; path = SkyPhotoRobotTests.xctest; sourceTree = BUILT_PRODUCTS_DIR; };
		6630451E1AD503E50036175E /* Info.plist */ = {isa = PBXFileReference; lastKnownFileType = text.plist.xml; path = Info.plist; sourceTree = "<group>"; };
		6630451F1AD503E50036175E /* SkyPhotoRobotTests.swift */ = {isa = PBXFileReference; lastKnownFileType = sourcecode.swift; path = SkyPhotoRobotTests.swift; sourceTree = "<group>"; };
		66D398F51AD50DFC00682A46 /* BLE.h */ = {isa = PBXFileReference; fileEncoding = 4; lastKnownFileType = sourcecode.c.h; name = BLE.h; path = iOS/BLEFramework/BLE/BLE.h; sourceTree = "<group>"; };
		66D398F61AD50DFC00682A46 /* BLE.m */ = {isa = PBXFileReference; fileEncoding = 4; lastKnownFileType = sourcecode.c.objc; name = BLE.m; path = iOS/BLEFramework/BLE/BLE.m; sourceTree = "<group>"; };
		66D398F71AD50DFC00682A46 /* BLEDefines.h */ = {isa = PBXFileReference; fileEncoding = 4; lastKnownFileType = sourcecode.c.h; name = BLEDefines.h; path = iOS/BLEFramework/BLE/BLEDefines.h; sourceTree = "<group>"; };
		66D398FA1AD50F6C00682A46 /* SkyPhotoRobotBridgingHeader.h */ = {isa = PBXFileReference; lastKnownFileType = sourcecode.c.h; name = SkyPhotoRobotBridgingHeader.h; path = Source/SkyPhotoRobotBridgingHeader.h; sourceTree = "<group>"; };
/* End PBXFileReference section */

/* Begin PBXFrameworksBuildPhase section */
		663045011AD503E50036175E /* Frameworks */ = {
			isa = PBXFrameworksBuildPhase;
			buildActionMask = 2147483647;
			files = (
			);
			runOnlyForDeploymentPostprocessing = 0;
		};
		663045161AD503E50036175E /* Frameworks */ = {
			isa = PBXFrameworksBuildPhase;
			buildActionMask = 2147483647;
			files = (
			);
			runOnlyForDeploymentPostprocessing = 0;
		};
/* End PBXFrameworksBuildPhase section */

/* Begin PBXGroup section */
		663044FB1AD503E50036175E = {
			isa = PBXGroup;
			children = (
				663045061AD503E50036175E /* SkyPhotoRobot */,
				6630451C1AD503E50036175E /* SkyPhotoRobotTests */,
				663045051AD503E50036175E /* Products */,
			);
			sourceTree = "<group>";
		};
		663045051AD503E50036175E /* Products */ = {
			isa = PBXGroup;
			children = (
				663045041AD503E50036175E /* SkyPhotoRobot.app */,
				663045191AD503E50036175E /* SkyPhotoRobotTests.xctest */,
			);
			name = Products;
			sourceTree = "<group>";
		};
		663045061AD503E50036175E /* SkyPhotoRobot */ = {
			isa = PBXGroup;
			children = (
				66D398F91AD50E0000682A46 /* RedBearLabBLE */,
				663045091AD503E50036175E /* AppDelegate.swift */,
				6630450B1AD503E50036175E /* ViewController.swift */,
				6630450D1AD503E50036175E /* Main.storyboard */,
				663045101AD503E50036175E /* Images.xcassets */,
				663045121AD503E50036175E /* LaunchScreen.xib */,
				663045071AD503E50036175E /* Supporting Files */,
				66D398FA1AD50F6C00682A46 /* SkyPhotoRobotBridgingHeader.h */,
			);
			path = SkyPhotoRobot;
			sourceTree = "<group>";
		};
		663045071AD503E50036175E /* Supporting Files */ = {
			isa = PBXGroup;
			children = (
				663045081AD503E50036175E /* Info.plist */,
			);
			name = "Supporting Files";
			sourceTree = "<group>";
		};
		6630451C1AD503E50036175E /* SkyPhotoRobotTests */ = {
			isa = PBXGroup;
			children = (
				6630451F1AD503E50036175E /* SkyPhotoRobotTests.swift */,
				6630451D1AD503E50036175E /* Supporting Files */,
			);
			path = SkyPhotoRobotTests;
			sourceTree = "<group>";
		};
		6630451D1AD503E50036175E /* Supporting Files */ = {
			isa = PBXGroup;
			children = (
				6630451E1AD503E50036175E /* Info.plist */,
			);
			name = "Supporting Files";
			sourceTree = "<group>";
		};
		66D398F91AD50E0000682A46 /* RedBearLabBLE */ = {
			isa = PBXGroup;
			children = (
				66D398F51AD50DFC00682A46 /* BLE.h */,
				66D398F61AD50DFC00682A46 /* BLE.m */,
				66D398F71AD50DFC00682A46 /* BLEDefines.h */,
			);
			name = RedBearLabBLE;
			sourceTree = "<group>";
		};
/* End PBXGroup section */

/* Begin PBXNativeTarget section */
		663045031AD503E50036175E /* SkyPhotoRobot */ = {
			isa = PBXNativeTarget;
			buildConfigurationList = 663045231AD503E50036175E /* Build configuration list for PBXNativeTarget "SkyPhotoRobot" */;
			buildPhases = (
				663045001AD503E50036175E /* Sources */,
				663045011AD503E50036175E /* Frameworks */,
				663045021AD503E50036175E /* Resources */,
			);
			buildRules = (
			);
			dependencies = (
			);
			name = SkyPhotoRobot;
			productName = SkyPhotoRobot;
			productReference = 663045041AD503E50036175E /* SkyPhotoRobot.app */;
			productType = "com.apple.product-type.application";
		};
		663045181AD503E50036175E /* SkyPhotoRobotTests */ = {
			isa = PBXNativeTarget;
			buildConfigurationList = 663045261AD503E50036175E /* Build configuration list for PBXNativeTarget "SkyPhotoRobotTests" */;
			buildPhases = (
				663045151AD503E50036175E /* Sources */,
				663045161AD503E50036175E /* Frameworks */,
				663045171AD503E50036175E /* Resources */,
			);
			buildRules = (
			);
			dependencies = (
				6630451B1AD503E50036175E /* PBXTargetDependency */,
			);
			name = SkyPhotoRobotTests;
			productName = SkyPhotoRobotTests;
			productReference = 663045191AD503E50036175E /* SkyPhotoRobotTests.xctest */;
			productType = "com.apple.product-type.bundle.unit-test";
		};
/* End PBXNativeTarget section */

/* Begin PBXProject section */
		663044FC1AD503E50036175E /* Project object */ = {
			isa = PBXProject;
			attributes = {
				LastUpgradeCheck = 0620;
				ORGANIZATIONNAME = "Gray Unicorn";
				TargetAttributes = {
					663045031AD503E50036175E = {
						CreatedOnToolsVersion = 6.2;
					};
					663045181AD503E50036175E = {
						CreatedOnToolsVersion = 6.2;
						TestTargetID = 663045031AD503E50036175E;
					};
				};
			};
			buildConfigurationList = 663044FF1AD503E50036175E /* Build configuration list for PBXProject "SkyPhotoRobot" */;
			compatibilityVersion = "Xcode 3.2";
			developmentRegion = English;
			hasScannedForEncodings = 0;
			knownRegions = (
				en,
				Base,
			);
			mainGroup = 663044FB1AD503E50036175E;
			productRefGroup = 663045051AD503E50036175E /* Products */;
			projectDirPath = "";
			projectRoot = "";
			targets = (
				663045031AD503E50036175E /* SkyPhotoRobot */,
				663045181AD503E50036175E /* SkyPhotoRobotTests */,
			);
		};
/* End PBXProject section */

/* Begin PBXResourcesBuildPhase section */
		663045021AD503E50036175E /* Resources */ = {
			isa = PBXResourcesBuildPhase;
			buildActionMask = 2147483647;
			files = (
				6630450F1AD503E50036175E /* Main.storyboard in Resources */,
				663045141AD503E50036175E /* LaunchScreen.xib in Resources */,
				663045111AD503E50036175E /* Images.xcassets in Resources */,
			);
			runOnlyForDeploymentPostprocessing = 0;
		};
		663045171AD503E50036175E /* Resources */ = {
			isa = PBXResourcesBuildPhase;
			buildActionMask = 2147483647;
			files = (
			);
			runOnlyForDeploymentPostprocessing = 0;
		};
/* End PBXResourcesBuildPhase section */

/* Begin PBXSourcesBuildPhase section */
		663045001AD503E50036175E /* Sources */ = {
			isa = PBXSourcesBuildPhase;
			buildActionMask = 2147483647;
			files = (
				66D398F81AD50DFC00682A46 /* BLE.m in Sources */,
				6630450C1AD503E50036175E /* ViewController.swift in Sources */,
				6630450A1AD503E50036175E /* AppDelegate.swift in Sources */,
			);
			runOnlyForDeploymentPostprocessing = 0;
		};
		663045151AD503E50036175E /* Sources */ = {
			isa = PBXSourcesBuildPhase;
			buildActionMask = 2147483647;
			files = (
				663045201AD503E50036175E /* SkyPhotoRobotTests.swift in Sources */,
			);
			runOnlyForDeploymentPostprocessing = 0;
		};
/* End PBXSourcesBuildPhase section */

/* Begin PBXTargetDependency section */
		6630451B1AD503E50036175E /* PBXTargetDependency */ = {
			isa = PBXTargetDependency;
			target = 663045031AD503E50036175E /* SkyPhotoRobot */;
			targetProxy = 6630451A1AD503E50036175E /* PBXContainerItemProxy */;
		};
/* End PBXTargetDependency section */

/* Begin PBXVariantGroup section */
		6630450D1AD503E50036175E /* Main.storyboard */ = {
			isa = PBXVariantGroup;
			children = (
				6630450E1AD503E50036175E /* Base */,
			);
			name = Main.storyboard;
			sourceTree = "<group>";
		};
		663045121AD503E50036175E /* LaunchScreen.xib */ = {
			isa = PBXVariantGroup;
			children = (
				663045131AD503E50036175E /* Base */,
			);
			name = LaunchScreen.xib;
			sourceTree = "<group>";
		};
/* End PBXVariantGroup section */

/* Begin XCBuildConfiguration section */
		663045211AD503E50036175E /* Debug */ = {
			isa = XCBuildConfiguration;
			buildSettings = {
				ALWAYS_SEARCH_USER_PATHS = NO;
				CLANG_CXX_LANGUAGE_STANDARD = "gnu++0x";
				CLANG_CXX_LIBRARY = "libc++";
				CLANG_ENABLE_MODULES = YES;
				CLANG_ENABLE_OBJC_ARC = YES;
				CLANG_WARN_BOOL_CONVERSION = YES;
				CLANG_WARN_CONSTANT_CONVERSION = YES;
				CLANG_WARN_DIRECT_OBJC_ISA_USAGE = YES_ERROR;
				CLANG_WARN_EMPTY_BODY = YES;
				CLANG_WARN_ENUM_CONVERSION = YES;
				CLANG_WARN_INT_CONVERSION = YES;
				CLANG_WARN_OBJC_ROOT_CLASS = YES_ERROR;
				CLANG_WARN_UNREACHABLE_CODE = YES;
				CLANG_WARN__DUPLICATE_METHOD_MATCH = YES;
				"CODE_SIGN_IDENTITY[sdk=iphoneos*]" = "iPhone Developer";
				COPY_PHASE_STRIP = NO;
				ENABLE_STRICT_OBJC_MSGSEND = YES;
				GCC_C_LANGUAGE_STANDARD = gnu99;
				GCC_DYNAMIC_NO_PIC = NO;
				GCC_OPTIMIZATION_LEVEL = 0;
				GCC_PREPROCESSOR_DEFINITIONS = (
					"DEBUG=1",
					"$(inherited)",
				);
				GCC_SYMBOLS_PRIVATE_EXTERN = NO;
				GCC_WARN_64_TO_32_BIT_CONVERSION = YES;
				GCC_WARN_ABOUT_RETURN_TYPE = YES_ERROR;
				GCC_WARN_UNDECLARED_SELECTOR = YES;
				GCC_WARN_UNINITIALIZED_AUTOS = YES_AGGRESSIVE;
				GCC_WARN_UNUSED_FUNCTION = YES;
				GCC_WARN_UNUSED_VARIABLE = YES;
				IPHONEOS_DEPLOYMENT_TARGET = 8.2;
				MTL_ENABLE_DEBUG_INFO = YES;
				ONLY_ACTIVE_ARCH = YES;
				SDKROOT = iphoneos;
				SWIFT_OBJC_BRIDGING_HEADER = SkyPhotoRobotBridgingHeader.h;
				SWIFT_OPTIMIZATION_LEVEL = "-Onone";
			};
			name = Debug;
		};
		663045221AD503E50036175E /* Release */ = {
			isa = XCBuildConfiguration;
			buildSettings = {
				ALWAYS_SEARCH_USER_PATHS = NO;
				CLANG_CXX_LANGUAGE_STANDARD = "gnu++0x";
				CLANG_CXX_LIBRARY = "libc++";
				CLANG_ENABLE_MODULES = YES;
				CLANG_ENABLE_OBJC_ARC = YES;
				CLANG_WARN_BOOL_CONVERSION = YES;
				CLANG_WARN_CONSTANT_CONVERSION = YES;
				CLANG_WARN_DIRECT_OBJC_ISA_USAGE = YES_ERROR;
				CLANG_WARN_EMPTY_BODY = YES;
				CLANG_WARN_ENUM_CONVERSION = YES;
				CLANG_WARN_INT_CONVERSION = YES;
				CLANG_WARN_OBJC_ROOT_CLASS = YES_ERROR;
				CLANG_WARN_UNREACHABLE_CODE = YES;
				CLANG_WARN__DUPLICATE_METHOD_MATCH = YES;
				"CODE_SIGN_IDENTITY[sdk=iphoneos*]" = "iPhone Developer";
				COPY_PHASE_STRIP = NO;
				ENABLE_NS_ASSERTIONS = NO;
				ENABLE_STRICT_OBJC_MSGSEND = YES;
				GCC_C_LANGUAGE_STANDARD = gnu99;
				GCC_WARN_64_TO_32_BIT_CONVERSION = YES;
				GCC_WARN_ABOUT_RETURN_TYPE = YES_ERROR;
				GCC_WARN_UNDECLARED_SELECTOR = YES;
				GCC_WARN_UNINITIALIZED_AUTOS = YES_AGGRESSIVE;
				GCC_WARN_UNUSED_FUNCTION = YES;
				GCC_WARN_UNUSED_VARIABLE = YES;
				IPHONEOS_DEPLOYMENT_TARGET = 8.2;
				MTL_ENABLE_DEBUG_INFO = NO;
				SDKROOT = iphoneos;
				SWIFT_OBJC_BRIDGING_HEADER = SkyPhotoRobotBridgingHeader.h;
				VALIDATE_PRODUCT = YES;
			};
			name = Release;
		};
		663045241AD503E50036175E /* Debug */ = {
			isa = XCBuildConfiguration;
			buildSettings = {
				ASSETCATALOG_COMPILER_APPICON_NAME = AppIcon;
				INFOPLIST_FILE = SkyPhotoRobot/Info.plist;
				LD_RUNPATH_SEARCH_PATHS = "$(inherited) @executable_path/Frameworks";
				PRODUCT_NAME = "$(TARGET_NAME)";
			};
			name = Debug;
		};
		663045251AD503E50036175E /* Release */ = {
			isa = XCBuildConfiguration;
			buildSettings = {
				ASSETCATALOG_COMPILER_APPICON_NAME = AppIcon;
				INFOPLIST_FILE = SkyPhotoRobot/Info.plist;
				LD_RUNPATH_SEARCH_PATHS = "$(inherited) @executable_path/Frameworks";
				PRODUCT_NAME = "$(TARGET_NAME)";
			};
			name = Release;
		};
		663045271AD503E50036175E /* Debug */ = {
			isa = XCBuildConfiguration;
			buildSettings = {
				BUNDLE_LOADER = "$(TEST_HOST)";
				FRAMEWORK_SEARCH_PATHS = (
					"$(SDKROOT)/Developer/Library/Frameworks",
					"$(inherited)",
				);
				GCC_PREPROCESSOR_DEFINITIONS = (
					"DEBUG=1",
					"$(inherited)",
				);
				INFOPLIST_FILE = SkyPhotoRobotTests/Info.plist;
				LD_RUNPATH_SEARCH_PATHS = "$(inherited) @executable_path/Frameworks @loader_path/Frameworks";
				PRODUCT_NAME = "$(TARGET_NAME)";
				TEST_HOST = "$(BUILT_PRODUCTS_DIR)/SkyPhotoRobot.app/SkyPhotoRobot";
			};
			name = Debug;
		};
		663045281AD503E50036175E /* Release */ = {
			isa = XCBuildConfiguration;
			buildSettings = {
				BUNDLE_LOADER = "$(TEST_HOST)";
				FRAMEWORK_SEARCH_PATHS = (
					"$(SDKROOT)/Developer/Library/Frameworks",
					"$(inherited)",
				);
				INFOPLIST_FILE = SkyPhotoRobotTests/Info.plist;
				LD_RUNPATH_SEARCH_PATHS = "$(inherited) @executable_path/Frameworks @loader_path/Frameworks";
				PRODUCT_NAME = "$(TARGET_NAME)";
				TEST_HOST = "$(BUILT_PRODUCTS_DIR)/SkyPhotoRobot.app/SkyPhotoRobot";
			};
			name = Release;
		};
/* End XCBuildConfiguration section */

/* Begin XCConfigurationList section */
		663044FF1AD503E50036175E /* Build configuration list for PBXProject "SkyPhotoRobot" */ = {
			isa = XCConfigurationList;
			buildConfigurations = (
				663045211AD503E50036175E /* Debug */,
				663045221AD503E50036175E /* Release */,
			);
			defaultConfigurationIsVisible = 0;
			defaultConfigurationName = Release;
		};
		663045231AD503E50036175E /* Build configuration list for PBXNativeTarget "SkyPhotoRobot" */ = {
			isa = XCConfigurationList;
			buildConfigurations = (
				663045241AD503E50036175E /* Debug */,
				663045251AD503E50036175E /* Release */,
			);
			defaultConfigurationIsVisible = 0;
			defaultConfigurationName = Release;
		};
		663045261AD503E50036175E /* Build configuration list for PBXNativeTarget "SkyPhotoRobotTests" */ = {
			isa = XCConfigurationList;
			buildConfigurations = (
				663045271AD503E50036175E /* Debug */,
				663045281AD503E50036175E /* Release */,
			);
			defaultConfigurationIsVisible = 0;
			defaultConfigurationName = Release;
		};
/* End XCConfigurationList section */
	};
	rootObject = 663044FC1AD503E50036175E /* Project object */;
}
